
Microsoft Visual Studio Solution File, Format Version 10.00
# Visual Studio 2008
Project("{FAE04EC0-301F-11D3-BF4B-00C04F79EFBC}") = "Nito.Async", "Nito.Async\Nito.Async.csproj", "{708763ED-7801-4F2C-B103-4FEBD771769A}"
EndProject
Project("{2150E333-8FDC-42A3-9474-1A3956D46DE8}") = "Tests", "Tests", "{5F70F391-A7C2-4F5B-964D-6093712F68A7}"
	ProjectSection(SolutionItems) = preProject
		LocalTestRun.testrunconfig = LocalTestRun.testrunconfig
		Nito.Async.vsmdi = Nito.Async.vsmdi
		Nito.FxCop = Nito.FxCop
	EndProjectSection
EndProject
Project("{2150E333-8FDC-42A3-9474-1A3956D46DE8}") = "Help Concepts", "Help Concepts", "{C2ED13FE-8EED-41D4-9A2C-BD7D381D9758}"
	ProjectSection(SolutionItems) = preProject
		HelpConcepts\ActionDispatcher Compared To Dispatcher.aml = HelpConcepts\ActionDispatcher Compared To Dispatcher.aml
		HelpConcepts\ActionDispatcher.aml = HelpConcepts\ActionDispatcher.aml
		HelpConcepts\ActionThread.aml = HelpConcepts\ActionThread.aml
		HelpConcepts\Nito.Async.aml = HelpConcepts\Nito.Async.aml
		HelpConcepts\Revision History.aml = HelpConcepts\Revision History.aml
	EndProjectSection
EndProject
Project("{FAE04EC0-301F-11D3-BF4B-00C04F79EFBC}") = "Nito.Async.UnitTests", "Nito.Async.UnitTests\Nito.Async.UnitTests.csproj", "{17FC62AB-AE14-4D2E-B838-52E8A1AD88C0}"
EndProject
Project("{FAE04EC0-301F-11D3-BF4B-00C04F79EFBC}") = "Test.FakeWebApplication", "Test.FakeWebApplication\Test.FakeWebApplication.csproj", "{21FEE088-09EC-4848-BD49-488D7AB0669F}"
EndProject
Project("{FAE04EC0-301F-11D3-BF4B-00C04F79EFBC}") = "Test.FrameworkAssumptions", "Test.FrameworkAssumptions\Test.FrameworkAssumptions.csproj", "{9132CD35-A088-490C-B62F-3E6D0410A9B1}"
EndProject
Project("{2150E333-8FDC-42A3-9474-1A3956D46DE8}") = "Examples", "Examples", "{1FDE6C44-2A09-4587-A0D1-1BBE860C8D9F}"
EndProject
Project("{FAE04EC0-301F-11D3-BF4B-00C04F79EFBC}") = "DocumentationExamples", "Examples\DocumentationExamples\DocumentationExamples.csproj", "{62CA72F5-310B-4E5E-9EDC-F76C4E157602}"
EndProject
Project("{FAE04EC0-301F-11D3-BF4B-00C04F79EFBC}") = "Nito.Async.Sockets", "Nito.Async.Sockets\Nito.Async.Sockets.csproj", "{B412B766-BEC2-407C-A7A1-0E5257511515}"
EndProject
Project("{2150E333-8FDC-42A3-9474-1A3956D46DE8}") = "Sockets", "Sockets", "{413BBD3C-6070-43F7-8C71-80BB00F8A561}"
EndProject
Project("{FAE04EC0-301F-11D3-BF4B-00C04F79EFBC}") = "LowerLevelClient", "Examples\Sockets\LowerLevel\Client\LowerLevelClient.csproj", "{18DBA9C7-0CD8-4733-9789-FC1419AA55D9}"
EndProject
Project("{FAE04EC0-301F-11D3-BF4B-00C04F79EFBC}") = "Messages", "Examples\Sockets\Messages\Messages.csproj", "{231998AD-B114-490E-B140-D057515EECF2}"
EndProject
Project("{FAE04EC0-301F-11D3-BF4B-00C04F79EFBC}") = "LowerLevelServer", "Examples\Sockets\LowerLevel\Server\LowerLevelServer.csproj", "{82AECF1C-1889-44AD-B96E-8CD44798882E}"
EndProject
Project("{FAE04EC0-301F-11D3-BF4B-00C04F79EFBC}") = "SimpleClient", "Examples\Sockets\Simple\Client\SimpleClient.csproj", "{AB693CF0-54B8-4E5B-807F-1BDD99C63410}"
EndProject
Project("{FAE04EC0-301F-11D3-BF4B-00C04F79EFBC}") = "SimpleServer", "Examples\Sockets\Simple\Server\SimpleServer.csproj", "{18BF051A-9237-48AE-9A35-28B71C1B48BF}"
EndProject
Global
	GlobalSection(TestCaseManagementSettings) = postSolution
		CategoryFile = Nito.Async.vsmdi
	EndGlobalSection
	GlobalSection(SolutionConfigurationPlatforms) = preSolution
		Debug|Any CPU = Debug|Any CPU
		Release|Any CPU = Release|Any CPU
	EndGlobalSection
	GlobalSection(ProjectConfigurationPlatforms) = postSolution
		{708763ED-7801-4F2C-B103-4FEBD771769A}.Debug|Any CPU.ActiveCfg = Debug|Any CPU
		{708763ED-7801-4F2C-B103-4FEBD771769A}.Debug|Any CPU.Build.0 = Debug|Any CPU
		{708763ED-7801-4F2C-B103-4FEBD771769A}.Release|Any CPU.ActiveCfg = Release|Any CPU
		{708763ED-7801-4F2C-B103-4FEBD771769A}.Release|Any CPU.Build.0 = Release|Any CPU
		{17FC62AB-AE14-4D2E-B838-52E8A1AD88C0}.Debug|Any CPU.ActiveCfg = Debug|Any CPU
		{17FC62AB-AE14-4D2E-B838-52E8A1AD88C0}.Debug|Any CPU.Build.0 = Debug|Any CPU
		{17FC62AB-AE14-4D2E-B838-52E8A1AD88C0}.Release|Any CPU.ActiveCfg = Release|Any CPU
		{17FC62AB-AE14-4D2E-B838-52E8A1AD88C0}.Release|Any CPU.Build.0 = Release|Any CPU
		{21FEE088-09EC-4848-BD49-488D7AB0669F}.Debug|Any CPU.ActiveCfg = Debug|Any CPU
		{21FEE088-09EC-4848-BD49-488D7AB0669F}.Debug|Any CPU.Build.0 = Debug|Any CPU
		{21FEE088-09EC-4848-BD49-488D7AB0669F}.Release|Any CPU.ActiveCfg = Release|Any CPU
		{21FEE088-09EC-4848-BD49-488D7AB0669F}.Release|Any CPU.Build.0 = Release|Any CPU
		{9132CD35-A088-490C-B62F-3E6D0410A9B1}.Debug|Any CPU.ActiveCfg = Debug|Any CPU
		{9132CD35-A088-490C-B62F-3E6D0410A9B1}.Debug|Any CPU.Build.0 = Debug|Any CPU
		{9132CD35-A088-490C-B62F-3E6D0410A9B1}.Release|Any CPU.ActiveCfg = Release|Any CPU
		{9132CD35-A088-490C-B62F-3E6D0410A9B1}.Release|Any CPU.Build.0 = Release|Any CPU
		{62CA72F5-310B-4E5E-9EDC-F76C4E157602}.Debug|Any CPU.ActiveCfg = Debug|Any CPU
		{62CA72F5-310B-4E5E-9EDC-F76C4E157602}.Debug|Any CPU.Build.0 = Debug|Any CPU
		{62CA72F5-310B-4E5E-9EDC-F76C4E157602}.Release|Any CPU.ActiveCfg = Release|Any CPU
		{62CA72F5-310B-4E5E-9EDC-F76C4E157602}.Release|Any CPU.Build.0 = Release|Any CPU
		{B412B766-BEC2-407C-A7A1-0E5257511515}.Debug|Any CPU.ActiveCfg = Debug|Any CPU
		{B412B766-BEC2-407C-A7A1-0E5257511515}.Debug|Any CPU.Build.0 = Debug|Any CPU
		{B412B766-BEC2-407C-A7A1-0E5257511515}.Release|Any CPU.ActiveCfg = Release|Any CPU
		{B412B766-BEC2-407C-A7A1-0E5257511515}.Release|Any CPU.Build.0 = Release|Any CPU
		{18DBA9C7-0CD8-4733-9789-FC1419AA55D9}.Debug|Any CPU.ActiveCfg = Debug|Any CPU
		{18DBA9C7-0CD8-4733-9789-FC1419AA55D9}.Debug|Any CPU.Build.0 = Debug|Any CPU
		{18DBA9C7-0CD8-4733-9789-FC1419AA55D9}.Release|Any CPU.ActiveCfg = Release|Any CPU
		{18DBA9C7-0CD8-4733-9789-FC1419AA55D9}.Release|Any CPU.Build.0 = Release|Any CPU
		{231998AD-B114-490E-B140-D057515EECF2}.Debug|Any CPU.ActiveCfg = Debug|Any CPU
		{231998AD-B114-490E-B140-D057515EECF2}.Debug|Any CPU.Build.0 = Debug|Any CPU
		{231998AD-B114-490E-B140-D057515EECF2}.Release|Any CPU.ActiveCfg = Release|Any CPU
		{231998AD-B114-490E-B140-D057515EECF2}.Release|Any CPU.Build.0 = Release|Any CPU
		{82AECF1C-1889-44AD-B96E-8CD44798882E}.Debug|Any CPU.ActiveCfg = Debug|Any CPU
		{82AECF1C-1889-44AD-B96E-8CD44798882E}.Debug|Any CPU.Build.0 = Debug|Any CPU
		{82AECF1C-1889-44AD-B96E-8CD44798882E}.Release|Any CPU.ActiveCfg = Release|Any CPU
		{82AECF1C-1889-44AD-B96E-8CD44798882E}.Release|Any CPU.Build.0 = Release|Any CPU
		{AB693CF0-54B8-4E5B-807F-1BDD99C63410}.Debug|Any CPU.ActiveCfg = Debug|Any CPU
		{AB693CF0-54B8-4E5B-807F-1BDD99C63410}.Debug|Any CPU.Build.0 = Debug|Any CPU
		{AB693CF0-54B8-4E5B-807F-1BDD99C63410}.Release|Any CPU.ActiveCfg = Release|Any CPU
		{AB693CF0-54B8-4E5B-807F-1BDD99C63410}.Release|Any CPU.Build.0 = Release|Any CPU
		{18BF051A-9237-48AE-9A35-28B71C1B48BF}.Debug|Any CPU.ActiveCfg = Debug|Any CPU
		{18BF051A-9237-48AE-9A35-28B71C1B48BF}.Debug|Any CPU.Build.0 = Debug|Any CPU
		{18BF051A-9237-48AE-9A35-28B71C1B48BF}.Release|Any CPU.ActiveCfg = Release|Any CPU
		{18BF051A-9237-48AE-9A35-28B71C1B48BF}.Release|Any CPU.Build.0 = Release|Any CPU
	EndGlobalSection
	GlobalSection(SolutionProperties) = preSolution
		HideSolutionNode = FALSE
	EndGlobalSection
	GlobalSection(NestedProjects) = preSolution
		{17FC62AB-AE14-4D2E-B838-52E8A1AD88C0} = {5F70F391-A7C2-4F5B-964D-6093712F68A7}
		{21FEE088-09EC-4848-BD49-488D7AB0669F} = {5F70F391-A7C2-4F5B-964D-6093712F68A7}
		{9132CD35-A088-490C-B62F-3E6D0410A9B1} = {5F70F391-A7C2-4F5B-964D-6093712F68A7}
		{62CA72F5-310B-4E5E-9EDC-F76C4E157602} = {1FDE6C44-2A09-4587-A0D1-1BBE860C8D9F}
		{413BBD3C-6070-43F7-8C71-80BB00F8A561} = {1FDE6C44-2A09-4587-A0D1-1BBE860C8D9F}
		{18DBA9C7-0CD8-4733-9789-FC1419AA55D9} = {413BBD3C-6070-43F7-8C71-80BB00F8A561}
		{231998AD-B114-490E-B140-D057515EECF2} = {413BBD3C-6070-43F7-8C71-80BB00F8A561}
		{82AECF1C-1889-44AD-B96E-8CD44798882E} = {413BBD3C-6070-43F7-8C71-80BB00F8A561}
		{AB693CF0-54B8-4E5B-807F-1BDD99C63410} = {413BBD3C-6070-43F7-8C71-80BB00F8A561}
		{18BF051A-9237-48AE-9A35-28B71C1B48BF} = {413BBD3C-6070-43F7-8C71-80BB00F8A561}
	EndGlobalSection
EndGlobal
